Microsoft Visual Studio Solution File, Format Version 12.00
# Visual Studio Version 17
VisualStudioVersion = 17.11.35222.181
MinimumVisualStudioVersion = 10.0.40219.1
Project("{9A19103F-16F7-4668-BE54-9A1E7A4F7556}") = "Looma.Core", "src\Looma.Core\Looma.Core.csproj", "{6E76560D-9A4D-49EE-BCFD-2CD983F7CF88}"
EndProject
Project("{9A19103F-16F7-4668-BE54-9A1E7A4F7556}") = "Looma.Application", "src\Looma.Application\Looma.Application.csproj", "{44656E23-DF2C-42FD-B6F3-9EBEDA933DAC}"
EndProject
Project("{9A19103F-16F7-4668-BE54-9A1E7A4F7556}") = "Looma.Infrastructure.VectorStore.Qdrant", "src\Looma.Infrastructure.VectorStore.Qdrant\Looma.Infrastructure.VectorStore.Qdrant.csproj", "{BE2057D1-E573-4DAC-BD76-B6C8EC461A6F}"
EndProject
Project("{9A19103F-16F7-4668-BE54-9A1E7A4F7556}") = "Looma.Infrastructure.VectorStore.Qdrant.Tests", "tests\Looma.Infrastructure.VectorStore.Qdrant.Tests\Looma.Infrastructure.VectorStore.Qdrant.Tests.csproj", "{28D733BA-7398-42FF-9D9C-EF8BDDF6C91D}"
EndProject
Project("{9A19103F-16F7-4668-BE54-9A1E7A4F7556}") = "Looma.Infrastructure.Llm", "src\Looma.Infrastructure.Llm\Looma.Infrastructure.Llm.csproj", "{DF9C92D4-331C-430C-AE76-9095965FC5DD}"
EndProject
Project("{9A19103F-16F7-4668-BE54-9A1E7A4F7556}") = "Looma.Infrastructure.Llm.Tests", "tests\Looma.Infrastructure.Llm.Tests\Looma.Infrastructure.Llm.Tests.csproj", "{ABEBF81A-3637-4CB8-8F23-1A3F203FDBD2}"
EndProject
Project("{9A19103F-16F7-4668-BE54-9A1E7A4F7556}") = "Looma.Application.Tests", "tests\Looma.Application.Tests\Looma.Application.Tests.csproj", "{3D061DF7-DEBC-45CA-BFE8-5DF8FDBFF166}"
EndProject
Project("{9A19103F-16F7-4668-BE54-9A1E7A4F7556}") = "Looma.CLI", "src\Looma.CLI\Looma.CLI.csproj", "{1F0DD209-63C7-45AF-A0B7-33410F219BA6}"
EndProject
Project("{9A19103F-16F7-4668-BE54-9A1E7A4F7556}") = "Looma.MCP.Server", "src\Looma.MCP.Server\Looma.MCP.Server.csproj", "{2A6B0C3D-7E4F-4A1B-9C2D-3E4F5A6B7C8D}"
EndProject
Project("{9A19103F-16F7-4668-BE54-9A1E7A4F7556}") = "Looma.MCP.Server.Tests", "tests\Looma.MCP.Server.Tests\Looma.MCP.Server.Tests.csproj", "{3B7C1D4E-8F5A-4B2C-AD3E-4F5A6B7C8D9E}"
EndProject
Project("{9A19103F-16F7-4668-BE54-9A1E7A4F7556}") = "Looma.MCP.Client", "src\Looma.MCP.Client\Looma.MCP.Client.csproj", "{4C8D2E5F-9A6B-4C3D-BE4F-5A6B7C8D9E0F}"
EndProject
Project("{9A19103F-16F7-4668-BE54-9A1E7A4F7556}") = "Looma.MCP.Client.Tests", "tests\Looma.MCP.Client.Tests\Looma.MCP.Client.Tests.csproj", "{5D9E3F6A-AB7C-4D4E-CF5A-6B7C8D9E0F1A}"
EndProject
Global
	GlobalSection(SolutionConfigurationPlatforms) = preSolution
		Debug|Any CPU = Debug|Any CPU
		Release|Any CPU = Release|Any CPU
	EndGlobalSection
	GlobalSection(ProjectConfigurationPlatforms) = postSolution
		{6E76560D-9A4D-49EE-BCFD-2CD983F7CF88}.Debug|Any CPU.ActiveCfg = Debug|Any CPU
		{6E76560D-9A4D-49EE-BCFD-2CD983F7CF88}.Debug|Any CPU.Build.0 = Debug|Any CPU
		{6E76560D-9A4D-49EE-BCFD-2CD983F7CF88}.Release|Any CPU.ActiveCfg = Release|Any CPU
		{6E76560D-9A4D-49EE-BCFD-2CD983F7CF88}.Release|Any CPU.Build.0 = Release|Any CPU
		{44656E23-DF2C-42FD-B6F3-9EBEDA933DAC}.Debug|Any CPU.ActiveCfg = Debug|Any CPU
		{44656E23-DF2C-42FD-B6F3-9EBEDA933DAC}.Debug|Any CPU.Build.0 = Debug|Any CPU
		{44656E23-DF2C-42FD-B6F3-9EBEDA933DAC}.Release|Any CPU.ActiveCfg = Release|Any CPU
		{44656E23-DF2C-42FD-B6F3-9EBEDA933DAC}.Release|Any CPU.Build.0 = Release|Any CPU
		{BE2057D1-E573-4DAC-BD76-B6C8EC461A6F}.Debug|Any CPU.ActiveCfg = Debug|Any CPU
		{BE2057D1-E573-4DAC-BD76-B6C8EC461A6F}.Debug|Any CPU.Build.0 = Debug|Any CPU
		{BE2057D1-E573-4DAC-BD76-B6C8EC461A6F}.Release|Any CPU.ActiveCfg = Release|Any CPU
		{BE2057D1-E573-4DAC-BD76-B6C8EC461A6F}.Release|Any CPU.Build.0 = Release|Any CPU
		{28D733BA-7398-42FF-9D9C-EF8BDDF6C91D}.Debug|Any CPU.ActiveCfg = Debug|Any CPU
		{28D733BA-7398-42FF-9D9C-EF8BDDF6C91D}.Debug|Any CPU.Build.0 = Debug|Any CPU
		{28D733BA-7398-42FF-9D9C-EF8BDDF6C91D}.Release|Any CPU.ActiveCfg = Release|Any CPU
		{28D733BA-7398-42FF-9D9C-EF8BDDF6C91D}.Release|Any CPU.Build.0 = Release|Any CPU
		{DF9C92D4-331C-430C-AE76-9095965FC5DD}.Debug|Any CPU.ActiveCfg = Debug|Any CPU
		{DF9C92D4-331C-430C-AE76-9095965FC5DD}.Debug|Any CPU.Build.0 = Debug|Any CPU
		{DF9C92D4-331C-430C-AE76-9095965FC5DD}.Release|Any CPU.ActiveCfg = Release|Any CPU
		{DF9C92D4-331C-430C-AE76-9095965FC5DD}.Release|Any CPU.Build.0 = Release|Any CPU
		{ABEBF81A-3637-4CB8-8F23-1A3F203FDBD2}.Debug|Any CPU.ActiveCfg = Debug|Any CPU
		{ABEBF81A-3637-4CB8-8F23-1A3F203FDBD2}.Debug|Any CPU.Build.0 = Debug|Any CPU
		{ABEBF81A-3637-4CB8-8F23-1A3F203FDBD2}.Release|Any CPU.ActiveCfg = Release|Any CPU
		{ABEBF81A-3637-4CB8-8F23-1A3F203FDBD2}.Release|Any CPU.Build.0 = Release|Any CPU
		{3D061DF7-DEBC-45CA-BFE8-5DF8FDBFF166}.Debug|Any CPU.ActiveCfg = Debug|Any CPU
		{3D061DF7-DEBC-45CA-BFE8-5DF8FDBFF166}.Debug|Any CPU.Build.0 = Debug|Any CPU
		{3D061DF7-DEBC-45CA-BFE8-5DF8FDBFF166}.Release|Any CPU.ActiveCfg = Release|Any CPU
		{3D061DF7-DEBC-45CA-BFE8-5DF8FDBFF166}.Release|Any CPU.Build.0 = Release|Any CPU
		{1F0DD209-63C7-45AF-A0B7-33410F219BA6}.Debug|Any CPU.ActiveCfg = Debug|Any CPU
		{1F0DD209-63C7-45AF-A0B7-33410F219BA6}.Debug|Any CPU.Build.0 = Debug|Any CPU
		{1F0DD209-63C7-45AF-A0B7-33410F219BA6}.Release|Any CPU.ActiveCfg = Release|Any CPU
		{1F0DD209-63C7-45AF-A0B7-33410F219BA6}.Release|Any CPU.Build.0 = Release|Any CPU
		{2A6B0C3D-7E4F-4A1B-9C2D-3E4F5A6B7C8D}.Debug|Any CPU.ActiveCfg = Debug|Any CPU
		{2A6B0C3D-7E4F-4A1B-9C2D-3E4F5A6B7C8D}.Debug|Any CPU.Build.0 = Debug|Any CPU
		{2A6B0C3D-7E4F-4A1B-9C2D-3E4F5A6B7C8D}.Release|Any CPU.ActiveCfg = Release|Any CPU
		{2A6B0C3D-7E4F-4A1B-9C2D-3E4F5A6B7C8D}.Release|Any CPU.Build.0 = Release|Any CPU
		{3B7C1D4E-8F5A-4B2C-AD3E-4F5A6B7C8D9E}.Debug|Any CPU.ActiveCfg = Debug|Any CPU
		{3B7C1D4E-8F5A-4B2C-AD3E-4F5A6B7C8D9E}.Debug|Any CPU.Build.0 = Debug|Any CPU
		{3B7C1D4E-8F5A-4B2C-AD3E-4F5A6B7C8D9E}.Release|Any CPU.ActiveCfg = Release|Any CPU
		{3B7C1D4E-8F5A-4B2C-AD3E-4F5A6B7C8D9E}.Release|Any CPU.Build.0 = Release|Any CPU
		{4C8D2E5F-9A6B-4C3D-BE4F-5A6B7C8D9E0F}.Debug|Any CPU.ActiveCfg = Debug|Any CPU
		{4C8D2E5F-9A6B-4C3D-BE4F-5A6B7C8D9E0F}.Debug|Any CPU.Build.0 = Debug|Any CPU
		{4C8D2E5F-9A6B-4C3D-BE4F-5A6B7C8D9E0F}.Release|Any CPU.ActiveCfg = Release|Any CPU
		{4C8D2E5F-9A6B-4C3D-BE4F-5A6B7C8D9E0F}.Release|Any CPU.Build.0 = Release|Any CPU
		{5D9E3F6A-AB7C-4D4E-CF5A-6B7C8D9E0F1A}.Debug|Any CPU.ActiveCfg = Debug|Any CPU
		{5D9E3F6A-AB7C-4D4E-CF5A-6B7C8D9E0F1A}.Debug|Any CPU.Build.0 = Debug|Any CPU
		{5D9E3F6A-AB7C-4D4E-CF5A-6B7C8D9E0F1A}.Release|Any CPU.ActiveCfg = Release|Any CPU
		{5D9E3F6A-AB7C-4D4E-CF5A-6B7C8D9E0F1A}.Release|Any CPU.Build.0 = Release|Any CPU
	EndGlobalSection
	GlobalSection(SolutionProperties) = preSolution
		HideSolutionNode = FALSE
	EndGlobalSection
EndGlobal
